{
  "version": 4,
  "terraform_version": "1.10.5",
  "serial": 24,
  "lineage": "8e81e533-e318-3b05-59f3-b72a4a229993",
  "outputs": {},
  "resources": [
    {
      "mode": "managed",
      "type": "azurerm_resource_group",
      "name": "network_rg",
      "provider": "provider[\"registry.terraform.io/hashicorp/azurerm\"]",
      "instances": [
        {
          "schema_version": 0,
          "attributes": {
            "id": "/subscriptions/7e894d88-739e-4fcc-a42a-601416b8125c/resourceGroups/soc-network-demo-rg-cnc-01",
            "location": "canadacentral",
            "managed_by": "",
            "name": "soc-network-demo-rg-cnc-01",
            "tags": null,
            "timeouts": null
          },
          "sensitive_attributes": [],
          "private": "eyJlMmJmYjczMC1lY2FhLTExZTYtOGY4OC0zNDM2M2JjN2M0YzAiOnsiY3JlYXRlIjo1NDAwMDAwMDAwMDAwLCJkZWxldGUiOjU0MDAwMDAwMDAwMDAsInJlYWQiOjMwMDAwMDAwMDAwMCwidXBkYXRlIjo1NDAwMDAwMDAwMDAwfX0="
        }
      ]
    },
    {
      "module": "module.avm-res-network-virtualnetwork",
      "mode": "data",
      "type": "azurerm_client_config",
      "name": "telemetry",
      "provider": "provider[\"registry.terraform.io/hashicorp/azurerm\"]",
      "instances": []
    },
    {
      "module": "module.avm-res-network-virtualnetwork",
      "mode": "data",
      "type": "azurerm_client_config",
      "name": "this",
      "provider": "provider[\"registry.terraform.io/hashicorp/azurerm\"]",
      "instances": [
        {
          "schema_version": 0,
          "attributes": {
            "client_id": "04b07795-8ddb-461a-bbee-02f9e1bf7b46",
            "id": "Y2xpZW50Q29uZmlncy9jbGllbnRJZD0wNGIwNzc5NS04ZGRiLTQ2MWEtYmJlZS0wMmY5ZTFiZjdiNDY7b2JqZWN0SWQ9ODYxYmZmMjgtMmQwNy00ODYxLWEwNTgtY2ZiZTVlN2YwNGVkO3N1YnNjcmlwdGlvbklkPTdlODk0ZDg4LTczOWUtNGZjYy1hNDJhLTYwMTQxNmI4MTI1Yzt0ZW5hbnRJZD00ODI0MDVmZC0wYmNjLTQ3ZDMtOGQxNy1kODE3ZTE2ZDBiMGI=",
            "object_id": "861bff28-2d07-4861-a058-cfbe5e7f04ed",
            "subscription_id": "7e894d88-739e-4fcc-a42a-601416b8125c",
            "tenant_id": "482405fd-0bcc-47d3-8d17-d817e16d0b0b",
            "timeouts": null
          },
          "sensitive_attributes": []
        }
      ]
    },
    {
      "module": "module.avm-res-network-virtualnetwork",
      "mode": "data",
      "type": "modtm_module_source",
      "name": "telemetry",
      "provider": "provider[\"registry.terraform.io/azure/modtm\"]",
      "instances": []
    },
    {
      "module": "module.avm-res-network-virtualnetwork",
      "mode": "managed",
      "type": "azapi_resource",
      "name": "vnet",
      "provider": "provider[\"registry.terraform.io/azure/azapi\"]",
      "instances": [
        {
          "schema_version": 2,
          "attributes": {
            "body": {
              "value": {
                "extendedLocation": null,
                "properties": {
                  "addressSpace": {
                    "addressPrefixes": [
                      "10.0.0.0/16"
                    ]
                  },
                  "bgpCommunities": null,
                  "ddosProtectionPlan": null,
                  "dhcpOptions": null,
                  "enableDdosProtection": false,
                  "enableVmProtection": false,
                  "encryption": null,
                  "flowTimeoutInMinutes": null
                }
              },
              "type": [
                "object",
                {
                  "extendedLocation": [
                    "object",
                    {
                      "name": "dynamic",
                      "type": "dynamic"
                    }
                  ],
                  "properties": [
                    "object",
                    {
                      "addressSpace": [
                        "object",
                        {
                          "addressPrefixes": [
                            "set",
                            "string"
                          ]
                        }
                      ],
                      "bgpCommunities": [
                        "object",
                        {
                          "virtualNetworkCommunity": "string"
                        }
                      ],
                      "ddosProtectionPlan": [
                        "object",
                        {
                          "id": "dynamic"
                        }
                      ],
                      "dhcpOptions": [
                        "object",
                        {
                          "dnsServers": "dynamic"
                        }
                      ],
                      "enableDdosProtection": "bool",
                      "enableVmProtection": "bool",
                      "encryption": [
                        "object",
                        {
                          "enabled": "dynamic",
                          "enforcement": "dynamic"
                        }
                      ],
                      "flowTimeoutInMinutes": "number"
                    }
                  ]
                }
              ]
            },
            "create_headers": null,
            "create_query_parameters": null,
            "delete_headers": null,
            "delete_query_parameters": null,
            "id": "/subscriptions/7e894d88-739e-4fcc-a42a-601416b8125c/resourceGroups/soc-network-demo-rg-cnc-01/providers/Microsoft.Network/virtualNetworks/soc-demo-vnet-cnc-01",
            "identity": [],
            "ignore_casing": false,
            "ignore_missing_property": true,
            "location": "canadacentral",
            "locks": null,
            "name": "soc-demo-vnet-cnc-01",
            "output": {
              "value": {
                "id": "/subscriptions/7e894d88-739e-4fcc-a42a-601416b8125c/resourceGroups/soc-network-demo-rg-cnc-01/providers/Microsoft.Network/virtualNetworks/soc-demo-vnet-cnc-01",
                "properties": {
                  "addressSpace": {
                    "addressPrefixes": [
                      "10.0.0.0/16"
                    ]
                  },
                  "provisioningState": "Succeeded",
                  "resourceGuid": "9c25885a-cc8a-43ec-8444-c3b5706df636"
                },
                "type": "Microsoft.Network/virtualNetworks"
              },
              "type": [
                "object",
                {
                  "id": "string",
                  "properties": [
                    "object",
                    {
                      "addressSpace": [
                        "object",
                        {
                          "addressPrefixes": [
                            "tuple",
                            [
                              "string"
                            ]
                          ]
                        }
                      ],
                      "provisioningState": "string",
                      "resourceGuid": "string"
                    }
                  ],
                  "type": "string"
                }
              ]
            },
            "parent_id": "/subscriptions/7e894d88-739e-4fcc-a42a-601416b8125c/resourceGroups/soc-network-demo-rg-cnc-01",
            "read_headers": null,
            "read_query_parameters": null,
            "replace_triggers_external_values": null,
            "replace_triggers_refs": null,
            "response_export_values": null,
            "retry": null,
            "schema_validation_enabled": true,
            "tags": null,
            "timeouts": null,
            "type": "Microsoft.Network/virtualNetworks@2023-11-01",
            "update_headers": null,
            "update_query_parameters": null
          },
          "sensitive_attributes": [],
          "dependencies": [
            "azurerm_resource_group.network_rg",
            "module.avm-res-network-virtualnetwork.azapi_update_resource.allow_drop_unencrypted_vnet",
            "module.avm-res-network-virtualnetwork.data.azurerm_client_config.this"
          ]
        }
      ]
    },
    {
      "module": "module.avm-res-network-virtualnetwork",
      "mode": "managed",
      "type": "azapi_update_resource",
      "name": "allow_drop_unencrypted_vnet",
      "provider": "provider[\"registry.terraform.io/azure/azapi\"]",
      "instances": []
    },
    {
      "module": "module.avm-res-network-virtualnetwork",
      "mode": "managed",
      "type": "azurerm_management_lock",
      "name": "this",
      "provider": "provider[\"registry.terraform.io/hashicorp/azurerm\"]",
      "instances": []
    },
    {
      "module": "module.avm-res-network-virtualnetwork",
      "mode": "managed",
      "type": "azurerm_monitor_diagnostic_setting",
      "name": "this",
      "provider": "provider[\"registry.terraform.io/hashicorp/azurerm\"]",
      "instances": []
    },
    {
      "module": "module.avm-res-network-virtualnetwork",
      "mode": "managed",
      "type": "azurerm_role_assignment",
      "name": "vnet_level",
      "provider": "provider[\"registry.terraform.io/hashicorp/azurerm\"]",
      "instances": []
    },
    {
      "module": "module.avm-res-network-virtualnetwork",
      "mode": "managed",
      "type": "modtm_telemetry",
      "name": "telemetry",
      "provider": "provider[\"registry.terraform.io/azure/modtm\"]",
      "instances": []
    },
    {
      "module": "module.avm-res-network-virtualnetwork",
      "mode": "managed",
      "type": "random_uuid",
      "name": "telemetry",
      "provider": "provider[\"registry.terraform.io/hashicorp/random\"]",
      "instances": []
    },
    {
      "module": "module.avm-res-network-virtualnetwork.module.subnet[\"AzureBastionSubnet\"]",
      "mode": "managed",
      "type": "azapi_resource",
      "name": "subnet",
      "provider": "provider[\"registry.terraform.io/azure/azapi\"]",
      "instances": [
        {
          "schema_version": 2,
          "attributes": {
            "body": {
              "value": {
                "properties": {
                  "addressPrefix": null,
                  "addressPrefixes": [
                    "10.0.0.128/26"
                  ],
                  "defaultOutboundAccess": false,
                  "delegations": [],
                  "natGateway": null,
                  "networkSecurityGroup": null,
                  "privateEndpointNetworkPolicies": "Enabled",
                  "privateLinkServiceNetworkPolicies": "Enabled",
                  "routeTable": null,
                  "serviceEndpointPolicies": null,
                  "serviceEndpoints": null,
                  "sharingScope": null
                }
              },
              "type": [
                "object",
                {
                  "properties": [
                    "object",
                    {
                      "addressPrefix": "string",
                      "addressPrefixes": [
                        "list",
                        "string"
                      ],
                      "defaultOutboundAccess": "bool",
                      "delegations": [
                        "tuple",
                        []
                      ],
                      "natGateway": [
                        "object",
                        {
                          "id": "dynamic"
                        }
                      ],
                      "networkSecurityGroup": [
                        "object",
                        {
                          "id": "dynamic"
                        }
                      ],
                      "privateEndpointNetworkPolicies": "string",
                      "privateLinkServiceNetworkPolicies": "string",
                      "routeTable": [
                        "object",
                        {
                          "id": "dynamic"
                        }
                      ],
                      "serviceEndpointPolicies": "dynamic",
                      "serviceEndpoints": "dynamic",
                      "sharingScope": "string"
                    }
                  ]
                }
              ]
            },
            "create_headers": null,
            "create_query_parameters": null,
            "delete_headers": null,
            "delete_query_parameters": null,
            "id": "/subscriptions/7e894d88-739e-4fcc-a42a-601416b8125c/resourceGroups/soc-network-demo-rg-cnc-01/providers/Microsoft.Network/virtualNetworks/soc-demo-vnet-cnc-01/subnets/AzureBastionSubnet",
            "identity": [],
            "ignore_casing": false,
            "ignore_missing_property": true,
            "location": null,
            "locks": [
              "/subscriptions/7e894d88-739e-4fcc-a42a-601416b8125c/resourceGroups/soc-network-demo-rg-cnc-01/providers/Microsoft.Network/virtualNetworks/soc-demo-vnet-cnc-01"
            ],
            "name": "AzureBastionSubnet",
            "output": {
              "value": {
                "id": "/subscriptions/7e894d88-739e-4fcc-a42a-601416b8125c/resourceGroups/soc-network-demo-rg-cnc-01/providers/Microsoft.Network/virtualNetworks/soc-demo-vnet-cnc-01/subnets/AzureBastionSubnet",
                "properties": {
                  "addressPrefixes": [
                    "10.0.0.128/26"
                  ],
                  "provisioningState": "Succeeded"
                },
                "type": "Microsoft.Network/virtualNetworks/subnets"
              },
              "type": [
                "object",
                {
                  "id": "string",
                  "properties": [
                    "object",
                    {
                      "addressPrefixes": [
                        "tuple",
                        [
                          "string"
                        ]
                      ],
                      "provisioningState": "string"
                    }
                  ],
                  "type": "string"
                }
              ]
            },
            "parent_id": "/subscriptions/7e894d88-739e-4fcc-a42a-601416b8125c/resourceGroups/soc-network-demo-rg-cnc-01/providers/Microsoft.Network/virtualNetworks/soc-demo-vnet-cnc-01",
            "read_headers": null,
            "read_query_parameters": null,
            "replace_triggers_external_values": null,
            "replace_triggers_refs": null,
            "response_export_values": null,
            "retry": null,
            "schema_validation_enabled": true,
            "tags": null,
            "timeouts": null,
            "type": "Microsoft.Network/virtualNetworks/subnets@2023-11-01",
            "update_headers": null,
            "update_query_parameters": null
          },
          "sensitive_attributes": [],
          "dependencies": [
            "azurerm_resource_group.network_rg",
            "module.avm-res-network-virtualnetwork.azapi_resource.vnet",
            "module.avm-res-network-virtualnetwork.azapi_update_resource.allow_drop_unencrypted_vnet",
            "module.avm-res-network-virtualnetwork.data.azurerm_client_config.this",
            "module.avm-res-network-virtualnetwork.module.subnet.azapi_update_resource.allow_deletion_of_ip_prefix_from_subnet",
            "module.avm-res-network-virtualnetwork.module.subnet.azapi_update_resource.allow_multiple_address_prefixes_on_subnet",
            "module.avm-res-network-virtualnetwork.module.subnet.azapi_update_resource.enable_shared_vnet",
            "module.computeSubnet_nsg.azurerm_network_security_group.this"
          ]
        }
      ]
    },
    {
      "module": "module.avm-res-network-virtualnetwork.module.subnet[\"AzureBastionSubnet\"]",
      "mode": "managed",
      "type": "azapi_update_resource",
      "name": "allow_deletion_of_ip_prefix_from_subnet",
      "provider": "provider[\"registry.terraform.io/azure/azapi\"]",
      "instances": []
    },
    {
      "module": "module.avm-res-network-virtualnetwork.module.subnet[\"AzureBastionSubnet\"]",
      "mode": "managed",
      "type": "azapi_update_resource",
      "name": "allow_multiple_address_prefixes_on_subnet",
      "provider": "provider[\"registry.terraform.io/azure/azapi\"]",
      "instances": []
    },
    {
      "module": "module.avm-res-network-virtualnetwork.module.subnet[\"AzureBastionSubnet\"]",
      "mode": "managed",
      "type": "azapi_update_resource",
      "name": "enable_shared_vnet",
      "provider": "provider[\"registry.terraform.io/azure/azapi\"]",
      "instances": []
    },
    {
      "module": "module.avm-res-network-virtualnetwork.module.subnet[\"AzureBastionSubnet\"]",
      "mode": "managed",
      "type": "azurerm_role_assignment",
      "name": "subnet",
      "provider": "provider[\"registry.terraform.io/hashicorp/azurerm\"]",
      "instances": []
    },
    {
      "module": "module.avm-res-network-virtualnetwork.module.subnet[\"AzureFirewallManagementSubnet\"]",
      "mode": "managed",
      "type": "azapi_resource",
      "name": "subnet",
      "provider": "provider[\"registry.terraform.io/azure/azapi\"]",
      "instances": [
        {
          "schema_version": 2,
          "attributes": {
            "body": {
              "value": {
                "properties": {
                  "addressPrefix": null,
                  "addressPrefixes": [
                    "10.0.0.64/26"
                  ],
                  "defaultOutboundAccess": false,
                  "delegations": [],
                  "natGateway": null,
                  "networkSecurityGroup": null,
                  "privateEndpointNetworkPolicies": "Enabled",
                  "privateLinkServiceNetworkPolicies": "Enabled",
                  "routeTable": null,
                  "serviceEndpointPolicies": null,
                  "serviceEndpoints": null,
                  "sharingScope": null
                }
              },
              "type": [
                "object",
                {
                  "properties": [
                    "object",
                    {
                      "addressPrefix": "string",
                      "addressPrefixes": [
                        "list",
                        "string"
                      ],
                      "defaultOutboundAccess": "bool",
                      "delegations": [
                        "tuple",
                        []
                      ],
                      "natGateway": [
                        "object",
                        {
                          "id": "dynamic"
                        }
                      ],
                      "networkSecurityGroup": [
                        "object",
                        {
                          "id": "dynamic"
                        }
                      ],
                      "privateEndpointNetworkPolicies": "string",
                      "privateLinkServiceNetworkPolicies": "string",
                      "routeTable": [
                        "object",
                        {
                          "id": "dynamic"
                        }
                      ],
                      "serviceEndpointPolicies": "dynamic",
                      "serviceEndpoints": "dynamic",
                      "sharingScope": "string"
                    }
                  ]
                }
              ]
            },
            "create_headers": null,
            "create_query_parameters": null,
            "delete_headers": null,
            "delete_query_parameters": null,
            "id": "/subscriptions/7e894d88-739e-4fcc-a42a-601416b8125c/resourceGroups/soc-network-demo-rg-cnc-01/providers/Microsoft.Network/virtualNetworks/soc-demo-vnet-cnc-01/subnets/AzureFirewallManagementSubnet",
            "identity": [],
            "ignore_casing": false,
            "ignore_missing_property": true,
            "location": null,
            "locks": [
              "/subscriptions/7e894d88-739e-4fcc-a42a-601416b8125c/resourceGroups/soc-network-demo-rg-cnc-01/providers/Microsoft.Network/virtualNetworks/soc-demo-vnet-cnc-01"
            ],
            "name": "AzureFirewallManagementSubnet",
            "output": {
              "value": {
                "id": "/subscriptions/7e894d88-739e-4fcc-a42a-601416b8125c/resourceGroups/soc-network-demo-rg-cnc-01/providers/Microsoft.Network/virtualNetworks/soc-demo-vnet-cnc-01/subnets/AzureFirewallManagementSubnet",
                "properties": {
                  "addressPrefixes": [
                    "10.0.0.64/26"
                  ],
                  "provisioningState": "Succeeded"
                },
                "type": "Microsoft.Network/virtualNetworks/subnets"
              },
              "type": [
                "object",
                {
                  "id": "string",
                  "properties": [
                    "object",
                    {
                      "addressPrefixes": [
                        "tuple",
                        [
                          "string"
                        ]
                      ],
                      "provisioningState": "string"
                    }
                  ],
                  "type": "string"
                }
              ]
            },
            "parent_id": "/subscriptions/7e894d88-739e-4fcc-a42a-601416b8125c/resourceGroups/soc-network-demo-rg-cnc-01/providers/Microsoft.Network/virtualNetworks/soc-demo-vnet-cnc-01",
            "read_headers": null,
            "read_query_parameters": null,
            "replace_triggers_external_values": null,
            "replace_triggers_refs": null,
            "response_export_values": null,
            "retry": null,
            "schema_validation_enabled": true,
            "tags": null,
            "timeouts": null,
            "type": "Microsoft.Network/virtualNetworks/subnets@2023-11-01",
            "update_headers": null,
            "update_query_parameters": null
          },
          "sensitive_attributes": [],
          "dependencies": [
            "azurerm_resource_group.network_rg",
            "module.avm-res-network-virtualnetwork.azapi_resource.vnet",
            "module.avm-res-network-virtualnetwork.azapi_update_resource.allow_drop_unencrypted_vnet",
            "module.avm-res-network-virtualnetwork.data.azurerm_client_config.this",
            "module.avm-res-network-virtualnetwork.module.subnet.azapi_update_resource.allow_deletion_of_ip_prefix_from_subnet",
            "module.avm-res-network-virtualnetwork.module.subnet.azapi_update_resource.allow_multiple_address_prefixes_on_subnet",
            "module.avm-res-network-virtualnetwork.module.subnet.azapi_update_resource.enable_shared_vnet",
            "module.computeSubnet_nsg.azurerm_network_security_group.this"
          ]
        }
      ]
    },
    {
      "module": "module.avm-res-network-virtualnetwork.module.subnet[\"AzureFirewallManagementSubnet\"]",
      "mode": "managed",
      "type": "azapi_update_resource",
      "name": "allow_deletion_of_ip_prefix_from_subnet",
      "provider": "provider[\"registry.terraform.io/azure/azapi\"]",
      "instances": []
    },
    {
      "module": "module.avm-res-network-virtualnetwork.module.subnet[\"AzureFirewallManagementSubnet\"]",
      "mode": "managed",
      "type": "azapi_update_resource",
      "name": "allow_multiple_address_prefixes_on_subnet",
      "provider": "provider[\"registry.terraform.io/azure/azapi\"]",
      "instances": []
    },
    {
      "module": "module.avm-res-network-virtualnetwork.module.subnet[\"AzureFirewallManagementSubnet\"]",
      "mode": "managed",
      "type": "azapi_update_resource",
      "name": "enable_shared_vnet",
      "provider": "provider[\"registry.terraform.io/azure/azapi\"]",
      "instances": []
    },
    {
      "module": "module.avm-res-network-virtualnetwork.module.subnet[\"AzureFirewallManagementSubnet\"]",
      "mode": "managed",
      "type": "azurerm_role_assignment",
      "name": "subnet",
      "provider": "provider[\"registry.terraform.io/hashicorp/azurerm\"]",
      "instances": []
    },
    {
      "module": "module.avm-res-network-virtualnetwork.module.subnet[\"AzureFirewallSubnet\"]",
      "mode": "managed",
      "type": "azapi_resource",
      "name": "subnet",
      "provider": "provider[\"registry.terraform.io/azure/azapi\"]",
      "instances": [
        {
          "schema_version": 2,
          "attributes": {
            "body": {
              "value": {
                "properties": {
                  "addressPrefix": null,
                  "addressPrefixes": [
                    "10.0.0.0/26"
                  ],
                  "defaultOutboundAccess": false,
                  "delegations": [],
                  "natGateway": null,
                  "networkSecurityGroup": null,
                  "privateEndpointNetworkPolicies": "Enabled",
                  "privateLinkServiceNetworkPolicies": "Enabled",
                  "routeTable": null,
                  "serviceEndpointPolicies": null,
                  "serviceEndpoints": null,
                  "sharingScope": null
                }
              },
              "type": [
                "object",
                {
                  "properties": [
                    "object",
                    {
                      "addressPrefix": "string",
                      "addressPrefixes": [
                        "list",
                        "string"
                      ],
                      "defaultOutboundAccess": "bool",
                      "delegations": [
                        "tuple",
                        []
                      ],
                      "natGateway": [
                        "object",
                        {
                          "id": "dynamic"
                        }
                      ],
                      "networkSecurityGroup": [
                        "object",
                        {
                          "id": "dynamic"
                        }
                      ],
                      "privateEndpointNetworkPolicies": "string",
                      "privateLinkServiceNetworkPolicies": "string",
                      "routeTable": [
                        "object",
                        {
                          "id": "dynamic"
                        }
                      ],
                      "serviceEndpointPolicies": "dynamic",
                      "serviceEndpoints": "dynamic",
                      "sharingScope": "string"
                    }
                  ]
                }
              ]
            },
            "create_headers": null,
            "create_query_parameters": null,
            "delete_headers": null,
            "delete_query_parameters": null,
            "id": "/subscriptions/7e894d88-739e-4fcc-a42a-601416b8125c/resourceGroups/soc-network-demo-rg-cnc-01/providers/Microsoft.Network/virtualNetworks/soc-demo-vnet-cnc-01/subnets/AzureFirewallSubnet",
            "identity": [],
            "ignore_casing": false,
            "ignore_missing_property": true,
            "location": null,
            "locks": [
              "/subscriptions/7e894d88-739e-4fcc-a42a-601416b8125c/resourceGroups/soc-network-demo-rg-cnc-01/providers/Microsoft.Network/virtualNetworks/soc-demo-vnet-cnc-01"
            ],
            "name": "AzureFirewallSubnet",
            "output": {
              "value": {
                "id": "/subscriptions/7e894d88-739e-4fcc-a42a-601416b8125c/resourceGroups/soc-network-demo-rg-cnc-01/providers/Microsoft.Network/virtualNetworks/soc-demo-vnet-cnc-01/subnets/AzureFirewallSubnet",
                "properties": {
                  "addressPrefixes": [
                    "10.0.0.0/26"
                  ],
                  "provisioningState": "Succeeded"
                },
                "type": "Microsoft.Network/virtualNetworks/subnets"
              },
              "type": [
                "object",
                {
                  "id": "string",
                  "properties": [
                    "object",
                    {
                      "addressPrefixes": [
                        "tuple",
                        [
                          "string"
                        ]
                      ],
                      "provisioningState": "string"
                    }
                  ],
                  "type": "string"
                }
              ]
            },
            "parent_id": "/subscriptions/7e894d88-739e-4fcc-a42a-601416b8125c/resourceGroups/soc-network-demo-rg-cnc-01/providers/Microsoft.Network/virtualNetworks/soc-demo-vnet-cnc-01",
            "read_headers": null,
            "read_query_parameters": null,
            "replace_triggers_external_values": null,
            "replace_triggers_refs": null,
            "response_export_values": null,
            "retry": null,
            "schema_validation_enabled": true,
            "tags": null,
            "timeouts": null,
            "type": "Microsoft.Network/virtualNetworks/subnets@2023-11-01",
            "update_headers": null,
            "update_query_parameters": null
          },
          "sensitive_attributes": [],
          "dependencies": [
            "azurerm_resource_group.network_rg",
            "module.avm-res-network-virtualnetwork.azapi_resource.vnet",
            "module.avm-res-network-virtualnetwork.azapi_update_resource.allow_drop_unencrypted_vnet",
            "module.avm-res-network-virtualnetwork.data.azurerm_client_config.this",
            "module.avm-res-network-virtualnetwork.module.subnet.azapi_update_resource.allow_deletion_of_ip_prefix_from_subnet",
            "module.avm-res-network-virtualnetwork.module.subnet.azapi_update_resource.allow_multiple_address_prefixes_on_subnet",
            "module.avm-res-network-virtualnetwork.module.subnet.azapi_update_resource.enable_shared_vnet",
            "module.computeSubnet_nsg.azurerm_network_security_group.this"
          ]
        }
      ]
    },
    {
      "module": "module.avm-res-network-virtualnetwork.module.subnet[\"AzureFirewallSubnet\"]",
      "mode": "managed",
      "type": "azapi_update_resource",
      "name": "allow_deletion_of_ip_prefix_from_subnet",
      "provider": "provider[\"registry.terraform.io/azure/azapi\"]",
      "instances": []
    },
    {
      "module": "module.avm-res-network-virtualnetwork.module.subnet[\"AzureFirewallSubnet\"]",
      "mode": "managed",
      "type": "azapi_update_resource",
      "name": "allow_multiple_address_prefixes_on_subnet",
      "provider": "provider[\"registry.terraform.io/azure/azapi\"]",
      "instances": []
    },
    {
      "module": "module.avm-res-network-virtualnetwork.module.subnet[\"AzureFirewallSubnet\"]",
      "mode": "managed",
      "type": "azapi_update_resource",
      "name": "enable_shared_vnet",
      "provider": "provider[\"registry.terraform.io/azure/azapi\"]",
      "instances": []
    },
    {
      "module": "module.avm-res-network-virtualnetwork.module.subnet[\"AzureFirewallSubnet\"]",
      "mode": "managed",
      "type": "azurerm_role_assignment",
      "name": "subnet",
      "provider": "provider[\"registry.terraform.io/hashicorp/azurerm\"]",
      "instances": []
    },
    {
      "module": "module.avm-res-network-virtualnetwork.module.subnet[\"ComputeSubnet\"]",
      "mode": "managed",
      "type": "azapi_resource",
      "name": "subnet",
      "provider": "provider[\"registry.terraform.io/azure/azapi\"]",
      "instances": [
        {
          "schema_version": 2,
          "attributes": {
            "body": {
              "value": {
                "properties": {
                  "addressPrefix": null,
                  "addressPrefixes": [
                    "10.0.0.192/26"
                  ],
                  "defaultOutboundAccess": false,
                  "delegations": [],
                  "natGateway": null,
                  "networkSecurityGroup": {
                    "id": "/subscriptions/7e894d88-739e-4fcc-a42a-601416b8125c/resourceGroups/soc-network-demo-rg-cnc-01/providers/Microsoft.Network/networkSecurityGroups/computeSubnet-demo-nsg-cnc-01"
                  },
                  "privateEndpointNetworkPolicies": "Enabled",
                  "privateLinkServiceNetworkPolicies": "Enabled",
                  "routeTable": null,
                  "serviceEndpointPolicies": null,
                  "serviceEndpoints": null,
                  "sharingScope": null
                }
              },
              "type": [
                "object",
                {
                  "properties": [
                    "object",
                    {
                      "addressPrefix": "string",
                      "addressPrefixes": [
                        "list",
                        "string"
                      ],
                      "defaultOutboundAccess": "bool",
                      "delegations": [
                        "tuple",
                        []
                      ],
                      "natGateway": [
                        "object",
                        {
                          "id": "dynamic"
                        }
                      ],
                      "networkSecurityGroup": [
                        "object",
                        {
                          "id": "string"
                        }
                      ],
                      "privateEndpointNetworkPolicies": "string",
                      "privateLinkServiceNetworkPolicies": "string",
                      "routeTable": [
                        "object",
                        {
                          "id": "dynamic"
                        }
                      ],
                      "serviceEndpointPolicies": "dynamic",
                      "serviceEndpoints": "dynamic",
                      "sharingScope": "string"
                    }
                  ]
                }
              ]
            },
            "create_headers": null,
            "create_query_parameters": null,
            "delete_headers": null,
            "delete_query_parameters": null,
            "id": "/subscriptions/7e894d88-739e-4fcc-a42a-601416b8125c/resourceGroups/soc-network-demo-rg-cnc-01/providers/Microsoft.Network/virtualNetworks/soc-demo-vnet-cnc-01/subnets/ComputeSubnet",
            "identity": [],
            "ignore_casing": false,
            "ignore_missing_property": true,
            "location": null,
            "locks": [
              "/subscriptions/7e894d88-739e-4fcc-a42a-601416b8125c/resourceGroups/soc-network-demo-rg-cnc-01/providers/Microsoft.Network/virtualNetworks/soc-demo-vnet-cnc-01"
            ],
            "name": "ComputeSubnet",
            "output": {
              "value": {
                "id": "/subscriptions/7e894d88-739e-4fcc-a42a-601416b8125c/resourceGroups/soc-network-demo-rg-cnc-01/providers/Microsoft.Network/virtualNetworks/soc-demo-vnet-cnc-01/subnets/ComputeSubnet",
                "properties": {
                  "addressPrefixes": [
                    "10.0.0.192/26"
                  ],
                  "provisioningState": "Succeeded"
                },
                "type": "Microsoft.Network/virtualNetworks/subnets"
              },
              "type": [
                "object",
                {
                  "id": "string",
                  "properties": [
                    "object",
                    {
                      "addressPrefixes": [
                        "tuple",
                        [
                          "string"
                        ]
                      ],
                      "provisioningState": "string"
                    }
                  ],
                  "type": "string"
                }
              ]
            },
            "parent_id": "/subscriptions/7e894d88-739e-4fcc-a42a-601416b8125c/resourceGroups/soc-network-demo-rg-cnc-01/providers/Microsoft.Network/virtualNetworks/soc-demo-vnet-cnc-01",
            "read_headers": null,
            "read_query_parameters": null,
            "replace_triggers_external_values": null,
            "replace_triggers_refs": null,
            "response_export_values": null,
            "retry": null,
            "schema_validation_enabled": true,
            "tags": null,
            "timeouts": null,
            "type": "Microsoft.Network/virtualNetworks/subnets@2023-11-01",
            "update_headers": null,
            "update_query_parameters": null
          },
          "sensitive_attributes": [],
          "dependencies": [
            "azurerm_resource_group.network_rg",
            "module.avm-res-network-virtualnetwork.azapi_resource.vnet",
            "module.avm-res-network-virtualnetwork.azapi_update_resource.allow_drop_unencrypted_vnet",
            "module.avm-res-network-virtualnetwork.data.azurerm_client_config.this",
            "module.avm-res-network-virtualnetwork.module.subnet.azapi_update_resource.allow_deletion_of_ip_prefix_from_subnet",
            "module.avm-res-network-virtualnetwork.module.subnet.azapi_update_resource.allow_multiple_address_prefixes_on_subnet",
            "module.avm-res-network-virtualnetwork.module.subnet.azapi_update_resource.enable_shared_vnet",
            "module.computeSubnet_nsg.azurerm_network_security_group.this"
          ]
        }
      ]
    },
    {
      "module": "module.avm-res-network-virtualnetwork.module.subnet[\"ComputeSubnet\"]",
      "mode": "managed",
      "type": "azapi_update_resource",
      "name": "allow_deletion_of_ip_prefix_from_subnet",
      "provider": "provider[\"registry.terraform.io/azure/azapi\"]",
      "instances": []
    },
    {
      "module": "module.avm-res-network-virtualnetwork.module.subnet[\"ComputeSubnet\"]",
      "mode": "managed",
      "type": "azapi_update_resource",
      "name": "allow_multiple_address_prefixes_on_subnet",
      "provider": "provider[\"registry.terraform.io/azure/azapi\"]",
      "instances": []
    },
    {
      "module": "module.avm-res-network-virtualnetwork.module.subnet[\"ComputeSubnet\"]",
      "mode": "managed",
      "type": "azapi_update_resource",
      "name": "enable_shared_vnet",
      "provider": "provider[\"registry.terraform.io/azure/azapi\"]",
      "instances": []
    },
    {
      "module": "module.avm-res-network-virtualnetwork.module.subnet[\"ComputeSubnet\"]",
      "mode": "managed",
      "type": "azurerm_role_assignment",
      "name": "subnet",
      "provider": "provider[\"registry.terraform.io/hashicorp/azurerm\"]",
      "instances": []
    },
    {
      "module": "module.avm-res-network-virtualnetwork.module.subnet[\"DomainControllerSubnet\"]",
      "mode": "managed",
      "type": "azapi_resource",
      "name": "subnet",
      "provider": "provider[\"registry.terraform.io/azure/azapi\"]",
      "instances": [
        {
          "schema_version": 2,
          "attributes": {
            "body": {
              "value": {
                "properties": {
                  "addressPrefix": null,
                  "addressPrefixes": [
                    "10.0.1.0/26"
                  ],
                  "defaultOutboundAccess": false,
                  "delegations": [],
                  "natGateway": null,
                  "networkSecurityGroup": null,
                  "privateEndpointNetworkPolicies": "Enabled",
                  "privateLinkServiceNetworkPolicies": "Enabled",
                  "routeTable": null,
                  "serviceEndpointPolicies": null,
                  "serviceEndpoints": null,
                  "sharingScope": null
                }
              },
              "type": [
                "object",
                {
                  "properties": [
                    "object",
                    {
                      "addressPrefix": "string",
                      "addressPrefixes": [
                        "list",
                        "string"
                      ],
                      "defaultOutboundAccess": "bool",
                      "delegations": [
                        "tuple",
                        []
                      ],
                      "natGateway": [
                        "object",
                        {
                          "id": "dynamic"
                        }
                      ],
                      "networkSecurityGroup": [
                        "object",
                        {
                          "id": "dynamic"
                        }
                      ],
                      "privateEndpointNetworkPolicies": "string",
                      "privateLinkServiceNetworkPolicies": "string",
                      "routeTable": [
                        "object",
                        {
                          "id": "dynamic"
                        }
                      ],
                      "serviceEndpointPolicies": "dynamic",
                      "serviceEndpoints": "dynamic",
                      "sharingScope": "string"
                    }
                  ]
                }
              ]
            },
            "create_headers": null,
            "create_query_parameters": null,
            "delete_headers": null,
            "delete_query_parameters": null,
            "id": "/subscriptions/7e894d88-739e-4fcc-a42a-601416b8125c/resourceGroups/soc-network-demo-rg-cnc-01/providers/Microsoft.Network/virtualNetworks/soc-demo-vnet-cnc-01/subnets/DomainControllerSubnet",
            "identity": [],
            "ignore_casing": false,
            "ignore_missing_property": true,
            "location": null,
            "locks": [
              "/subscriptions/7e894d88-739e-4fcc-a42a-601416b8125c/resourceGroups/soc-network-demo-rg-cnc-01/providers/Microsoft.Network/virtualNetworks/soc-demo-vnet-cnc-01"
            ],
            "name": "DomainControllerSubnet",
            "output": {
              "value": {
                "id": "/subscriptions/7e894d88-739e-4fcc-a42a-601416b8125c/resourceGroups/soc-network-demo-rg-cnc-01/providers/Microsoft.Network/virtualNetworks/soc-demo-vnet-cnc-01/subnets/DomainControllerSubnet",
                "properties": {
                  "addressPrefixes": [
                    "10.0.1.0/26"
                  ],
                  "provisioningState": "Succeeded"
                },
                "type": "Microsoft.Network/virtualNetworks/subnets"
              },
              "type": [
                "object",
                {
                  "id": "string",
                  "properties": [
                    "object",
                    {
                      "addressPrefixes": [
                        "tuple",
                        [
                          "string"
                        ]
                      ],
                      "provisioningState": "string"
                    }
                  ],
                  "type": "string"
                }
              ]
            },
            "parent_id": "/subscriptions/7e894d88-739e-4fcc-a42a-601416b8125c/resourceGroups/soc-network-demo-rg-cnc-01/providers/Microsoft.Network/virtualNetworks/soc-demo-vnet-cnc-01",
            "read_headers": null,
            "read_query_parameters": null,
            "replace_triggers_external_values": null,
            "replace_triggers_refs": null,
            "response_export_values": null,
            "retry": null,
            "schema_validation_enabled": true,
            "tags": null,
            "timeouts": null,
            "type": "Microsoft.Network/virtualNetworks/subnets@2023-11-01",
            "update_headers": null,
            "update_query_parameters": null
          },
          "sensitive_attributes": [],
          "dependencies": [
            "azurerm_resource_group.network_rg",
            "module.avm-res-network-virtualnetwork.azapi_resource.vnet",
            "module.avm-res-network-virtualnetwork.azapi_update_resource.allow_drop_unencrypted_vnet",
            "module.avm-res-network-virtualnetwork.data.azurerm_client_config.this",
            "module.avm-res-network-virtualnetwork.module.subnet.azapi_update_resource.allow_deletion_of_ip_prefix_from_subnet",
            "module.avm-res-network-virtualnetwork.module.subnet.azapi_update_resource.allow_multiple_address_prefixes_on_subnet",
            "module.avm-res-network-virtualnetwork.module.subnet.azapi_update_resource.enable_shared_vnet",
            "module.computeSubnet_nsg.azurerm_network_security_group.this"
          ]
        }
      ]
    },
    {
      "module": "module.avm-res-network-virtualnetwork.module.subnet[\"DomainControllerSubnet\"]",
      "mode": "managed",
      "type": "azapi_update_resource",
      "name": "allow_deletion_of_ip_prefix_from_subnet",
      "provider": "provider[\"registry.terraform.io/azure/azapi\"]",
      "instances": []
    },
    {
      "module": "module.avm-res-network-virtualnetwork.module.subnet[\"DomainControllerSubnet\"]",
      "mode": "managed",
      "type": "azapi_update_resource",
      "name": "allow_multiple_address_prefixes_on_subnet",
      "provider": "provider[\"registry.terraform.io/azure/azapi\"]",
      "instances": []
    },
    {
      "module": "module.avm-res-network-virtualnetwork.module.subnet[\"DomainControllerSubnet\"]",
      "mode": "managed",
      "type": "azapi_update_resource",
      "name": "enable_shared_vnet",
      "provider": "provider[\"registry.terraform.io/azure/azapi\"]",
      "instances": []
    },
    {
      "module": "module.avm-res-network-virtualnetwork.module.subnet[\"DomainControllerSubnet\"]",
      "mode": "managed",
      "type": "azurerm_role_assignment",
      "name": "subnet",
      "provider": "provider[\"registry.terraform.io/hashicorp/azurerm\"]",
      "instances": []
    },
    {
      "module": "module.computeSubnet_nsg",
      "mode": "data",
      "type": "azurerm_client_config",
      "name": "telemetry",
      "provider": "provider[\"registry.terraform.io/hashicorp/azurerm\"]",
      "instances": []
    },
    {
      "module": "module.computeSubnet_nsg",
      "mode": "data",
      "type": "modtm_module_source",
      "name": "telemetry",
      "provider": "provider[\"registry.terraform.io/azure/modtm\"]",
      "instances": []
    },
    {
      "module": "module.computeSubnet_nsg",
      "mode": "managed",
      "type": "azurerm_management_lock",
      "name": "this",
      "provider": "provider[\"registry.terraform.io/hashicorp/azurerm\"]",
      "instances": []
    },
    {
      "module": "module.computeSubnet_nsg",
      "mode": "managed",
      "type": "azurerm_monitor_diagnostic_setting",
      "name": "this",
      "provider": "provider[\"registry.terraform.io/hashicorp/azurerm\"]",
      "instances": []
    },
    {
      "module": "module.computeSubnet_nsg",
      "mode": "managed",
      "type": "azurerm_network_security_group",
      "name": "this",
      "provider": "provider[\"registry.terraform.io/hashicorp/azurerm\"]",
      "instances": [
        {
          "schema_version": 0,
          "attributes": {
            "id": "/subscriptions/7e894d88-739e-4fcc-a42a-601416b8125c/resourceGroups/soc-network-demo-rg-cnc-01/providers/Microsoft.Network/networkSecurityGroups/computeSubnet-demo-nsg-cnc-01",
            "location": "canadacentral",
            "name": "computeSubnet-demo-nsg-cnc-01",
            "resource_group_name": "soc-network-demo-rg-cnc-01",
            "security_rule": [],
            "tags": null,
            "timeouts": null
          },
          "sensitive_attributes": [],
          "private": "eyJlMmJmYjczMC1lY2FhLTExZTYtOGY4OC0zNDM2M2JjN2M0YzAiOnsiY3JlYXRlIjoxODAwMDAwMDAwMDAwLCJkZWxldGUiOjE4MDAwMDAwMDAwMDAsInJlYWQiOjMwMDAwMDAwMDAwMCwidXBkYXRlIjoxODAwMDAwMDAwMDAwfX0=",
          "dependencies": [
            "azurerm_resource_group.network_rg"
          ]
        }
      ]
    },
    {
      "module": "module.computeSubnet_nsg",
      "mode": "managed",
      "type": "azurerm_network_security_rule",
      "name": "this",
      "provider": "provider[\"registry.terraform.io/hashicorp/azurerm\"]",
      "instances": [
        {
          "index_key": "Allow_Bastion_Inbound",
          "schema_version": 0,
          "attributes": {
            "access": "Allow",
            "description": "",
            "destination_address_prefix": "VirtualNetwork",
            "destination_address_prefixes": null,
            "destination_application_security_group_ids": null,
            "destination_port_range": "",
            "destination_port_ranges": [
              "22",
              "3389"
            ],
            "direction": "Inbound",
            "id": "/subscriptions/7e894d88-739e-4fcc-a42a-601416b8125c/resourceGroups/soc-network-demo-rg-cnc-01/providers/Microsoft.Network/networkSecurityGroups/computeSubnet-demo-nsg-cnc-01/securityRules/Allow_Bastion_Inbound",
            "name": "Allow_Bastion_Inbound",
            "network_security_group_name": "computeSubnet-demo-nsg-cnc-01",
            "priority": 150,
            "protocol": "Tcp",
            "resource_group_name": "soc-network-demo-rg-cnc-01",
            "source_address_prefix": "10.0.0.128/26",
            "source_address_prefixes": null,
            "source_application_security_group_ids": null,
            "source_port_range": "*",
            "source_port_ranges": null,
            "timeouts": null
          },
          "sensitive_attributes": [],
          "private": "eyJlMmJmYjczMC1lY2FhLTExZTYtOGY4OC0zNDM2M2JjN2M0YzAiOnsiY3JlYXRlIjoxODAwMDAwMDAwMDAwLCJkZWxldGUiOjE4MDAwMDAwMDAwMDAsInJlYWQiOjMwMDAwMDAwMDAwMCwidXBkYXRlIjoxODAwMDAwMDAwMDAwfX0=",
          "dependencies": [
            "azurerm_resource_group.network_rg",
            "module.avm-res-network-virtualnetwork.azapi_resource.vnet",
            "module.avm-res-network-virtualnetwork.azapi_update_resource.allow_drop_unencrypted_vnet",
            "module.avm-res-network-virtualnetwork.data.azurerm_client_config.this",
            "module.avm-res-network-virtualnetwork.module.subnet.azapi_resource.subnet",
            "module.avm-res-network-virtualnetwork.module.subnet.azapi_update_resource.allow_deletion_of_ip_prefix_from_subnet",
            "module.avm-res-network-virtualnetwork.module.subnet.azapi_update_resource.allow_multiple_address_prefixes_on_subnet",
            "module.avm-res-network-virtualnetwork.module.subnet.azapi_update_resource.enable_shared_vnet",
            "module.avm-res-network-virtualnetwork.module.subnet.azurerm_role_assignment.subnet",
            "module.computeSubnet_nsg.azurerm_network_security_group.this"
          ]
        }
      ]
    },
    {
      "module": "module.computeSubnet_nsg",
      "mode": "managed",
      "type": "azurerm_role_assignment",
      "name": "this",
      "provider": "provider[\"registry.terraform.io/hashicorp/azurerm\"]",
      "instances": []
    },
    {
      "module": "module.computeSubnet_nsg",
      "mode": "managed",
      "type": "modtm_telemetry",
      "name": "telemetry",
      "provider": "provider[\"registry.terraform.io/azure/modtm\"]",
      "instances": []
    },
    {
      "module": "module.computeSubnet_nsg",
      "mode": "managed",
      "type": "random_uuid",
      "name": "telemetry",
      "provider": "provider[\"registry.terraform.io/hashicorp/random\"]",
      "instances": []
    },
    {
      "module": "module.firewall",
      "mode": "data",
      "type": "azurerm_client_config",
      "name": "telemetry",
      "provider": "provider[\"registry.terraform.io/hashicorp/azurerm\"]",
      "instances": []
    },
    {
      "module": "module.firewall",
      "mode": "data",
      "type": "modtm_module_source",
      "name": "telemetry",
      "provider": "provider[\"registry.terraform.io/azure/modtm\"]",
      "instances": []
    },
    {
      "module": "module.firewall",
      "mode": "managed",
      "type": "modtm_telemetry",
      "name": "telemetry",
      "provider": "provider[\"registry.terraform.io/azure/modtm\"]",
      "instances": []
    },
    {
      "module": "module.firewall",
      "mode": "managed",
      "type": "random_uuid",
      "name": "telemetry",
      "provider": "provider[\"registry.terraform.io/hashicorp/random\"]",
      "instances": []
    },
    {
      "module": "module.fw_mgmt_public_ip",
      "mode": "data",
      "type": "azurerm_client_config",
      "name": "telemetry",
      "provider": "provider[\"registry.terraform.io/hashicorp/azurerm\"]",
      "instances": []
    },
    {
      "module": "module.fw_mgmt_public_ip",
      "mode": "data",
      "type": "modtm_module_source",
      "name": "telemetry",
      "provider": "provider[\"registry.terraform.io/azure/modtm\"]",
      "instances": []
    },
    {
      "module": "module.fw_mgmt_public_ip",
      "mode": "managed",
      "type": "azurerm_management_lock",
      "name": "this",
      "provider": "provider[\"registry.terraform.io/hashicorp/azurerm\"]",
      "instances": []
    },
    {
      "module": "module.fw_mgmt_public_ip",
      "mode": "managed",
      "type": "azurerm_monitor_diagnostic_setting",
      "name": "this",
      "provider": "provider[\"registry.terraform.io/hashicorp/azurerm\"]",
      "instances": []
    },
    {
      "module": "module.fw_mgmt_public_ip",
      "mode": "managed",
      "type": "azurerm_public_ip",
      "name": "this",
      "provider": "provider[\"registry.terraform.io/hashicorp/azurerm\"]",
      "instances": [
        {
          "schema_version": 0,
          "attributes": {
            "allocation_method": "Static",
            "ddos_protection_mode": "VirtualNetworkInherited",
            "ddos_protection_plan_id": null,
            "domain_name_label": null,
            "edge_zone": "",
            "fqdn": null,
            "id": "/subscriptions/7e894d88-739e-4fcc-a42a-601416b8125c/resourceGroups/soc-network-demo-rg-cnc-01/providers/Microsoft.Network/publicIPAddresses/soc-demo-fw-pip2-cnc-01",
            "idle_timeout_in_minutes": 4,
            "ip_address": "4.174.228.29",
            "ip_tags": null,
            "ip_version": "IPv4",
            "location": "canadacentral",
            "name": "soc-demo-fw-pip2-cnc-01",
            "public_ip_prefix_id": null,
            "resource_group_name": "soc-network-demo-rg-cnc-01",
            "reverse_fqdn": null,
            "sku": "Standard",
            "sku_tier": "Regional",
            "tags": null,
            "timeouts": null,
            "zones": [
              "1",
              "2",
              "3"
            ]
          },
          "sensitive_attributes": [],
          "private": "eyJlMmJmYjczMC1lY2FhLTExZTYtOGY4OC0zNDM2M2JjN2M0YzAiOnsiY3JlYXRlIjoxODAwMDAwMDAwMDAwLCJkZWxldGUiOjE4MDAwMDAwMDAwMDAsInJlYWQiOjMwMDAwMDAwMDAwMCwidXBkYXRlIjoxODAwMDAwMDAwMDAwfX0=",
          "dependencies": [
            "azurerm_resource_group.network_rg"
          ]
        }
      ]
    },
    {
      "module": "module.fw_mgmt_public_ip",
      "mode": "managed",
      "type": "azurerm_role_assignment",
      "name": "this",
      "provider": "provider[\"registry.terraform.io/hashicorp/azurerm\"]",
      "instances": []
    },
    {
      "module": "module.fw_mgmt_public_ip",
      "mode": "managed",
      "type": "modtm_telemetry",
      "name": "telemetry",
      "provider": "provider[\"registry.terraform.io/azure/modtm\"]",
      "instances": []
    },
    {
      "module": "module.fw_mgmt_public_ip",
      "mode": "managed",
      "type": "random_uuid",
      "name": "telemetry",
      "provider": "provider[\"registry.terraform.io/hashicorp/random\"]",
      "instances": []
    },
    {
      "module": "module.fw_public_ip",
      "mode": "data",
      "type": "azurerm_client_config",
      "name": "telemetry",
      "provider": "provider[\"registry.terraform.io/hashicorp/azurerm\"]",
      "instances": []
    },
    {
      "module": "module.fw_public_ip",
      "mode": "data",
      "type": "modtm_module_source",
      "name": "telemetry",
      "provider": "provider[\"registry.terraform.io/azure/modtm\"]",
      "instances": []
    },
    {
      "module": "module.fw_public_ip",
      "mode": "managed",
      "type": "azurerm_management_lock",
      "name": "this",
      "provider": "provider[\"registry.terraform.io/hashicorp/azurerm\"]",
      "instances": []
    },
    {
      "module": "module.fw_public_ip",
      "mode": "managed",
      "type": "azurerm_monitor_diagnostic_setting",
      "name": "this",
      "provider": "provider[\"registry.terraform.io/hashicorp/azurerm\"]",
      "instances": []
    },
    {
      "module": "module.fw_public_ip",
      "mode": "managed",
      "type": "azurerm_public_ip",
      "name": "this",
      "provider": "provider[\"registry.terraform.io/hashicorp/azurerm\"]",
      "instances": [
        {
          "schema_version": 0,
          "attributes": {
            "allocation_method": "Static",
            "ddos_protection_mode": "VirtualNetworkInherited",
            "ddos_protection_plan_id": null,
            "domain_name_label": null,
            "edge_zone": "",
            "fqdn": null,
            "id": "/subscriptions/7e894d88-739e-4fcc-a42a-601416b8125c/resourceGroups/soc-network-demo-rg-cnc-01/providers/Microsoft.Network/publicIPAddresses/soc-demo-fw-pip1-cnc-01",
            "idle_timeout_in_minutes": 4,
            "ip_address": "4.174.228.70",
            "ip_tags": null,
            "ip_version": "IPv4",
            "location": "canadacentral",
            "name": "soc-demo-fw-pip1-cnc-01",
            "public_ip_prefix_id": null,
            "resource_group_name": "soc-network-demo-rg-cnc-01",
            "reverse_fqdn": null,
            "sku": "Standard",
            "sku_tier": "Regional",
            "tags": null,
            "timeouts": null,
            "zones": [
              "1",
              "2",
              "3"
            ]
          },
          "sensitive_attributes": [],
          "private": "eyJlMmJmYjczMC1lY2FhLTExZTYtOGY4OC0zNDM2M2JjN2M0YzAiOnsiY3JlYXRlIjoxODAwMDAwMDAwMDAwLCJkZWxldGUiOjE4MDAwMDAwMDAwMDAsInJlYWQiOjMwMDAwMDAwMDAwMCwidXBkYXRlIjoxODAwMDAwMDAwMDAwfX0=",
          "dependencies": [
            "azurerm_resource_group.network_rg"
          ]
        }
      ]
    },
    {
      "module": "module.fw_public_ip",
      "mode": "managed",
      "type": "azurerm_role_assignment",
      "name": "this",
      "provider": "provider[\"registry.terraform.io/hashicorp/azurerm\"]",
      "instances": []
    },
    {
      "module": "module.fw_public_ip",
      "mode": "managed",
      "type": "modtm_telemetry",
      "name": "telemetry",
      "provider": "provider[\"registry.terraform.io/azure/modtm\"]",
      "instances": []
    },
    {
      "module": "module.fw_public_ip",
      "mode": "managed",
      "type": "random_uuid",
      "name": "telemetry",
      "provider": "provider[\"registry.terraform.io/hashicorp/random\"]",
      "instances": []
    },
    {
      "module": "module.fwpolicy",
      "mode": "data",
      "type": "azurerm_client_config",
      "name": "telemetry",
      "provider": "provider[\"registry.terraform.io/hashicorp/azurerm\"]",
      "instances": []
    },
    {
      "module": "module.fwpolicy",
      "mode": "data",
      "type": "modtm_module_source",
      "name": "telemetry",
      "provider": "provider[\"registry.terraform.io/azure/modtm\"]",
      "instances": []
    },
    {
      "module": "module.fwpolicy",
      "mode": "managed",
      "type": "azurerm_firewall_policy",
      "name": "this",
      "provider": "provider[\"registry.terraform.io/hashicorp/azurerm\"]",
      "instances": [
        {
          "schema_version": 0,
          "attributes": {
            "auto_learn_private_ranges_enabled": false,
            "base_policy_id": "",
            "child_policies": [],
            "dns": [],
            "explicit_proxy": [],
            "firewalls": [],
            "id": "/subscriptions/7e894d88-739e-4fcc-a42a-601416b8125c/resourceGroups/soc-network-demo-rg-cnc-01/providers/Microsoft.Network/firewallPolicies/soc-demo-fwpol-cnc-01",
            "identity": [],
            "insights": [],
            "intrusion_detection": [],
            "location": "canadacentral",
            "name": "soc-demo-fwpol-cnc-01",
            "private_ip_ranges": null,
            "resource_group_name": "soc-network-demo-rg-cnc-01",
            "rule_collection_groups": [],
            "sku": "Basic",
            "sql_redirect_allowed": null,
            "tags": null,
            "threat_intelligence_allowlist": [],
            "threat_intelligence_mode": "Alert",
            "timeouts": null,
            "tls_certificate": []
          },
          "sensitive_attributes": [],
          "private": "eyJlMmJmYjczMC1lY2FhLTExZTYtOGY4OC0zNDM2M2JjN2M0YzAiOnsiY3JlYXRlIjoxODAwMDAwMDAwMDAwLCJkZWxldGUiOjE4MDAwMDAwMDAwMDAsInJlYWQiOjMwMDAwMDAwMDAwMCwidXBkYXRlIjoxODAwMDAwMDAwMDAwfX0=",
          "dependencies": [
            "azurerm_resource_group.network_rg"
          ]
        }
      ]
    },
    {
      "module": "module.fwpolicy",
      "mode": "managed",
      "type": "azurerm_management_lock",
      "name": "this",
      "provider": "provider[\"registry.terraform.io/hashicorp/azurerm\"]",
      "instances": []
    },
    {
      "module": "module.fwpolicy",
      "mode": "managed",
      "type": "azurerm_monitor_diagnostic_setting",
      "name": "this",
      "provider": "provider[\"registry.terraform.io/hashicorp/azurerm\"]",
      "instances": []
    },
    {
      "module": "module.fwpolicy",
      "mode": "managed",
      "type": "azurerm_role_assignment",
      "name": "this",
      "provider": "provider[\"registry.terraform.io/hashicorp/azurerm\"]",
      "instances": []
    },
    {
      "module": "module.fwpolicy",
      "mode": "managed",
      "type": "modtm_telemetry",
      "name": "telemetry",
      "provider": "provider[\"registry.terraform.io/azure/modtm\"]",
      "instances": []
    },
    {
      "module": "module.fwpolicy",
      "mode": "managed",
      "type": "random_uuid",
      "name": "telemetry",
      "provider": "provider[\"registry.terraform.io/hashicorp/random\"]",
      "instances": []
    }
  ],
  "check_results": null
}
